# THIS IS AN AUTOGENERATED FILE. DO NOT EDIT THIS FILE DIRECTLY.
# yarn lockfile v1


base64-arraybuffer@^0.1.5:
  version "0.1.5"
  resolved "https://registry.yarnpkg.com/base64-arraybuffer/-/base64-arraybuffer-0.1.5.tgz#73926771923b5a19747ad666aa5cd4bf9c6e9ce8"
  integrity sha1-c5JncZI7Whl0etZmqlzUv5xunOg=

css-line-break@1.0.1:
  version "1.0.1"
  resolved "https://registry.yarnpkg.com/css-line-break/-/css-line-break-1.0.1.tgz#19f2063a33e95fb2831b86446c0b80c188af450a"
  integrity sha1-GfIGOjPpX7KDG4ZEbAuAwYivRQo=
  dependencies:
    base64-arraybuffer "^0.1.5"

html2canvas@^1.0.0-rc.1:
  version "1.0.0-rc.1"
  resolved "https://registry.yarnpkg.com/html2canvas/-/html2canvas-1.0.0-rc.1.tgz#422222d21332d05ca55d86954e5f413e17fae6fb"
  integrity sha512-ImguLJ3goQnY0P6z7n6VqBZ+ViS77Hv6J7iYXBxvdb3NWz3s8/mqr4/Lj0OlMUb3ID+qCQ1BPLIBuRMqhgqvYg==
  dependencies:
    css-line-break "1.0.1"
